{
  "name": "vaultscore",
  "version": "1.0.0",
  "description": "A vanilla HTML, CSS, and JavaScript app for building credit tools.",
  "main": "index.html",
  "scripts": {
    "start": "live-server"
  },
  "author": "Natasha-Lee Smith",
  "license": "MIT",
  "devDependencies": {
    "live-server": "^1.2.2"
  }
}
